
Microsoft Visual Studio Solution File, Format Version 12.00
# Visual Studio Version 17
VisualStudioVersion = 17.4.33205.214
MinimumVisualStudioVersion = 10.0.40219.1
Project("{FAE04EC0-301F-11D3-BF4B-00C04F79EFBC}") = "31012023HomeTask", "31012023HomeTask\31012023HomeTask.csproj", "{B4124013-B252-4401-8250-896CFCDA4A0D}"
EndProject
Project("{FAE04EC0-301F-11D3-BF4B-00C04F79EFBC}") = "HomeTask31012023Studentclass", "HomeTask31012023Studentclass\HomeTask31012023Studentclass.csproj", "{734333C3-FFF8-4EE9-BCA0-BC801E246332}"
EndProject
Global
	GlobalSection(SolutionConfigurationPlatforms) = preSolution
		Debug|Any CPU = Debug|Any CPU
		Release|Any CPU = Release|Any CPU
	EndGlobalSection
	GlobalSection(ProjectConfigurationPlatforms) = postSolution
		{B4124013-B252-4401-8250-896CFCDA4A0D}.Debug|Any CPU.ActiveCfg = Debug|Any CPU
		{B4124013-B252-4401-8250-896CFCDA4A0D}.Debug|Any CPU.Build.0 = Debug|Any CPU
		{B4124013-B252-4401-8250-896CFCDA4A0D}.Release|Any CPU.ActiveCfg = Release|Any CPU
		{B4124013-B252-4401-8250-896CFCDA4A0D}.Release|Any CPU.Build.0 = Release|Any CPU
		{734333C3-FFF8-4EE9-BCA0-BC801E246332}.Debug|Any CPU.ActiveCfg = Debug|Any CPU
		{734333C3-FFF8-4EE9-BCA0-BC801E246332}.Debug|Any CPU.Build.0 = Debug|Any CPU
		{734333C3-FFF8-4EE9-BCA0-BC801E246332}.Release|Any CPU.ActiveCfg = Release|Any CPU
		{734333C3-FFF8-4EE9-BCA0-BC801E246332}.Release|Any CPU.Build.0 = Release|Any CPU
	EndGlobalSection
	GlobalSection(SolutionProperties) = preSolution
		HideSolutionNode = FALSE
	EndGlobalSection
	GlobalSection(ExtensibilityGlobals) = postSolution
		SolutionGuid = {309013D5-BC7C-45CD-9B84-9DA0DBC1EF24}
	EndGlobalSection
EndGlobal
